// !$*UTF8*$!
{
	archiveVersion = 1;
	classes = {
	};
	objectVersion = 55;
	objects = {

/* Begin PBXBuildFile section */
		6608272028C6A70F0083E360 /* ParentView.swift in Sources */ = {isa = PBXBuildFile; fileRef = 6608271F28C6A70F0083E360 /* ParentView.swift */; };
		6608272228C6A7810083E360 /* KidsView.swift in Sources */ = {isa = PBXBuildFile; fileRef = 6608272128C6A7810083E360 /* KidsView.swift */; };
		6608272428C6A7AE0083E360 /* MyProfileView.swift in Sources */ = {isa = PBXBuildFile; fileRef = 6608272328C6A7AE0083E360 /* MyProfileView.swift */; };
		6608272628C6A7D20083E360 /* PointsView.swift in Sources */ = {isa = PBXBuildFile; fileRef = 6608272528C6A7D20083E360 /* PointsView.swift */; };
		661CC84628C46C8C008DC13E /* SmartKidsApp.swift in Sources */ = {isa = PBXBuildFile; fileRef = 661CC84528C46C8C008DC13E /* SmartKidsApp.swift */; };
		661CC84828C46C8C008DC13E /* ContentView.swift in Sources */ = {isa = PBXBuildFile; fileRef = 661CC84728C46C8C008DC13E /* ContentView.swift */; };
		661CC84A28C46C8D008DC13E /* Assets.xcassets in Resources */ = {isa = PBXBuildFile; fileRef = 661CC84928C46C8D008DC13E /* Assets.xcassets */; };
		661CC84D28C46C8D008DC13E /* Preview Assets.xcassets in Resources */ = {isa = PBXBuildFile; fileRef = 661CC84C28C46C8D008DC13E /* Preview Assets.xcassets */; };
		661CC85728C46D28008DC13E /* sacramento.ttf in Resources */ = {isa = PBXBuildFile; fileRef = 661CC85528C46D28008DC13E /* sacramento.ttf */; };
		661CC85A28C4744A008DC13E /* WelcomeView.swift in Sources */ = {isa = PBXBuildFile; fileRef = 661CC85928C4744A008DC13E /* WelcomeView.swift */; };
		66F0C6C028C590C600E9F656 /* blkchcry.ttf in Resources */ = {isa = PBXBuildFile; fileRef = 66F0C6BF28C590C600E9F656 /* blkchcry.ttf */; };
		66F0C6C228C63ADF00E9F656 /* UnifrakturMaguntia-Regular.ttf in Resources */ = {isa = PBXBuildFile; fileRef = 66F0C6C128C63ADF00E9F656 /* UnifrakturMaguntia-Regular.ttf */; };
		66F0C6C728C6442000E9F656 /* SignUpView.swift in Sources */ = {isa = PBXBuildFile; fileRef = 66F0C6C628C6442000E9F656 /* SignUpView.swift */; };
		66F0C6C928C6580100E9F656 /* ButtonView.swift in Sources */ = {isa = PBXBuildFile; fileRef = 66F0C6C828C6580100E9F656 /* ButtonView.swift */; };
		66F0C6CB28C6846100E9F656 /* SignInView.swift in Sources */ = {isa = PBXBuildFile; fileRef = 66F0C6CA28C6846100E9F656 /* SignInView.swift */; };
/* End PBXBuildFile section */

/* Begin PBXFileReference section */
		6608271F28C6A70F0083E360 /* ParentView.swift */ = {isa = PBXFileReference; lastKnownFileType = sourcecode.swift; path = ParentView.swift; sourceTree = "<group>"; };
		6608272128C6A7810083E360 /* KidsView.swift */ = {isa = PBXFileReference; lastKnownFileType = sourcecode.swift; path = KidsView.swift; sourceTree = "<group>"; };
		6608272328C6A7AE0083E360 /* MyProfileView.swift */ = {isa = PBXFileReference; lastKnownFileType = sourcecode.swift; path = MyProfileView.swift; sourceTree = "<group>"; };
		6608272528C6A7D20083E360 /* PointsView.swift */ = {isa = PBXFileReference; lastKnownFileType = sourcecode.swift; path = PointsView.swift; sourceTree = "<group>"; };
		661CC84228C46C8C008DC13E /* SmartKids.app */ = {isa = PBXFileReference; explicitFileType = wrapper.application; includeInIndex = 0; path = SmartKids.app; sourceTree = BUILT_PRODUCTS_DIR; };
		661CC84528C46C8C008DC13E /* SmartKidsApp.swift */ = {isa = PBXFileReference; lastKnownFileType = sourcecode.swift; path = SmartKidsApp.swift; sourceTree = "<group>"; };
		661CC84728C46C8C008DC13E /* ContentView.swift */ = {isa = PBXFileReference; lastKnownFileType = sourcecode.swift; path = ContentView.swift; sourceTree = "<group>"; };
		661CC84928C46C8D008DC13E /* Assets.xcassets */ = {isa = PBXFileReference; lastKnownFileType = folder.assetcatalog; path = Assets.xcassets; sourceTree = "<group>"; };
		661CC84C28C46C8D008DC13E /* Preview Assets.xcassets */ = {isa = PBXFileReference; lastKnownFileType = folder.assetcatalog; path = "Preview Assets.xcassets"; sourceTree = "<group>"; };
		661CC85528C46D28008DC13E /* sacramento.ttf */ = {isa = PBXFileReference; lastKnownFileType = file; path = sacramento.ttf; sourceTree = "<group>"; };
		661CC85928C4744A008DC13E /* WelcomeView.swift */ = {isa = PBXFileReference; lastKnownFileType = sourcecode.swift; path = WelcomeView.swift; sourceTree = "<group>"; };
		66F0C6BF28C590C600E9F656 /* blkchcry.ttf */ = {isa = PBXFileReference; lastKnownFileType = file; name = blkchcry.ttf; path = ../../../../../Downloads/blkchcry.ttf; sourceTree = "<group>"; };
		66F0C6C128C63ADF00E9F656 /* UnifrakturMaguntia-Regular.ttf */ = {isa = PBXFileReference; lastKnownFileType = file; path = "UnifrakturMaguntia-Regular.ttf"; sourceTree = "<group>"; };
		66F0C6C628C6442000E9F656 /* SignUpView.swift */ = {isa = PBXFileReference; lastKnownFileType = sourcecode.swift; path = SignUpView.swift; sourceTree = "<group>"; };
		66F0C6C828C6580100E9F656 /* ButtonView.swift */ = {isa = PBXFileReference; lastKnownFileType = sourcecode.swift; path = ButtonView.swift; sourceTree = "<group>"; };
		66F0C6CA28C6846100E9F656 /* SignInView.swift */ = {isa = PBXFileReference; lastKnownFileType = sourcecode.swift; path = SignInView.swift; sourceTree = "<group>"; };
/* End PBXFileReference section */

/* Begin PBXFrameworksBuildPhase section */
		661CC83F28C46C8C008DC13E /* Frameworks */ = {
			isa = PBXFrameworksBuildPhase;
			buildActionMask = 2147483647;
			files = (
			);
			runOnlyForDeploymentPostprocessing = 0;
		};
/* End PBXFrameworksBuildPhase section */

/* Begin PBXGroup section */
		661CC83928C46C8C008DC13E = {
			isa = PBXGroup;
			children = (
				661CC84428C46C8C008DC13E /* SmartKids */,
				661CC84328C46C8C008DC13E /* Products */,
			);
			sourceTree = "<group>";
		};
		661CC84328C46C8C008DC13E /* Products */ = {
			isa = PBXGroup;
			children = (
				661CC84228C46C8C008DC13E /* SmartKids.app */,
			);
			name = Products;
			sourceTree = "<group>";
		};
		661CC84428C46C8C008DC13E /* SmartKids */ = {
			isa = PBXGroup;
			children = (
				661CC85328C46CE9008DC13E /* fonts */,
				661CC84528C46C8C008DC13E /* SmartKidsApp.swift */,
				6608271F28C6A70F0083E360 /* ParentView.swift */,
				66F0C6C628C6442000E9F656 /* SignUpView.swift */,
				6608272128C6A7810083E360 /* KidsView.swift */,
				6608272528C6A7D20083E360 /* PointsView.swift */,
				6608272328C6A7AE0083E360 /* MyProfileView.swift */,
				66F0C6CA28C6846100E9F656 /* SignInView.swift */,
				661CC84728C46C8C008DC13E /* ContentView.swift */,
				66F0C6C828C6580100E9F656 /* ButtonView.swift */,
				661CC85928C4744A008DC13E /* WelcomeView.swift */,
				661CC84928C46C8D008DC13E /* Assets.xcassets */,
				661CC84B28C46C8D008DC13E /* Preview Content */,
			);
			path = SmartKids;
			sourceTree = "<group>";
		};
		661CC84B28C46C8D008DC13E /* Preview Content */ = {
			isa = PBXGroup;
			children = (
				661CC84C28C46C8D008DC13E /* Preview Assets.xcassets */,
			);
			path = "Preview Content";
			sourceTree = "<group>";
		};
		661CC85328C46CE9008DC13E /* fonts */ = {
			isa = PBXGroup;
			children = (
				66F0C6C128C63ADF00E9F656 /* UnifrakturMaguntia-Regular.ttf */,
				66F0C6BF28C590C600E9F656 /* blkchcry.ttf */,
				661CC85528C46D28008DC13E /* sacramento.ttf */,
			);
			path = fonts;
			sourceTree = "<group>";
		};
/* End PBXGroup section */

/* Begin PBXNativeTarget section */
		661CC84128C46C8C008DC13E /* SmartKids */ = {
			isa = PBXNativeTarget;
			buildConfigurationList = 661CC85028C46C8D008DC13E /* Build configuration list for PBXNativeTarget "SmartKids" */;
			buildPhases = (
				661CC83E28C46C8C008DC13E /* Sources */,
				661CC83F28C46C8C008DC13E /* Frameworks */,
				661CC84028C46C8C008DC13E /* Resources */,
			);
			buildRules = (
			);
			dependencies = (
			);
			name = SmartKids;
			productName = SmartKids;
			productReference = 661CC84228C46C8C008DC13E /* SmartKids.app */;
			productType = "com.apple.product-type.application";
		};
/* End PBXNativeTarget section */

/* Begin PBXProject section */
		661CC83A28C46C8C008DC13E /* Project object */ = {
			isa = PBXProject;
			attributes = {
				BuildIndependentTargetsInParallel = 1;
				LastSwiftUpdateCheck = 1330;
				LastUpgradeCheck = 1330;
				TargetAttributes = {
					661CC84128C46C8C008DC13E = {
						CreatedOnToolsVersion = 13.3;
					};
				};
			};
			buildConfigurationList = 661CC83D28C46C8C008DC13E /* Build configuration list for PBXProject "SmartKids" */;
			compatibilityVersion = "Xcode 13.0";
			developmentRegion = en;
			hasScannedForEncodings = 0;
			knownRegions = (
				en,
				Base,
			);
			mainGroup = 661CC83928C46C8C008DC13E;
			productRefGroup = 661CC84328C46C8C008DC13E /* Products */;
			projectDirPath = "";
			projectRoot = "";
			targets = (
				661CC84128C46C8C008DC13E /* SmartKids */,
			);
		};
/* End PBXProject section */

/* Begin PBXResourcesBuildPhase section */
		661CC84028C46C8C008DC13E /* Resources */ = {
			isa = PBXResourcesBuildPhase;
			buildActionMask = 2147483647;
			files = (
				661CC84D28C46C8D008DC13E /* Preview Assets.xcassets in Resources */,
				66F0C6C228C63ADF00E9F656 /* UnifrakturMaguntia-Regular.ttf in Resources */,
				661CC84A28C46C8D008DC13E /* Assets.xcassets in Resources */,
				66F0C6C028C590C600E9F656 /* blkchcry.ttf in Resources */,
				661CC85728C46D28008DC13E /* sacramento.ttf in Resources */,
			);
			runOnlyForDeploymentPostprocessing = 0;
		};
/* End PBXResourcesBuildPhase section */

/* Begin PBXSourcesBuildPhase section */
		661CC83E28C46C8C008DC13E /* Sources */ = {
			isa = PBXSourcesBuildPhase;
			buildActionMask = 2147483647;
			files = (
				66F0C6CB28C6846100E9F656 /* SignInView.swift in Sources */,
				6608272428C6A7AE0083E360 /* MyProfileView.swift in Sources */,
				66F0C6C728C6442000E9F656 /* SignUpView.swift in Sources */,
				661CC84828C46C8C008DC13E /* ContentView.swift in Sources */,
				66F0C6C928C6580100E9F656 /* ButtonView.swift in Sources */,
				6608272028C6A70F0083E360 /* ParentView.swift in Sources */,
				661CC85A28C4744A008DC13E /* WelcomeView.swift in Sources */,
				6608272628C6A7D20083E360 /* PointsView.swift in Sources */,
				661CC84628C46C8C008DC13E /* SmartKidsApp.swift in Sources */,
				6608272228C6A7810083E360 /* KidsView.swift in Sources */,
			);
			runOnlyForDeploymentPostprocessing = 0;
		};
/* End PBXSourcesBuildPhase section */

/* Begin XCBuildConfiguration section */
		661CC84E28C46C8D008DC13E /* Debug */ = {
			isa = XCBuildConfiguration;
			buildSettings = {
				ALWAYS_SEARCH_USER_PATHS = NO;
				CLANG_ANALYZER_NONNULL = YES;
				CLANG_ANALYZER_NUMBER_OBJECT_CONVERSION = YES_AGGRESSIVE;
				CLANG_CXX_LANGUAGE_STANDARD = "gnu++17";
				CLANG_ENABLE_MODULES = YES;
				CLANG_ENABLE_OBJC_ARC = YES;
				CLANG_ENABLE_OBJC_WEAK = YES;
				CLANG_WARN_BLOCK_CAPTURE_AUTORELEASING = YES;
				CLANG_WARN_BOOL_CONVERSION = YES;
				CLANG_WARN_COMMA = YES;
				CLANG_WARN_CONSTANT_CONVERSION = YES;
				CLANG_WARN_DEPRECATED_OBJC_IMPLEMENTATIONS = YES;
				CLANG_WARN_DIRECT_OBJC_ISA_USAGE = YES_ERROR;
				CLANG_WARN_DOCUMENTATION_COMMENTS = YES;
				CLANG_WARN_EMPTY_BODY = YES;
				CLANG_WARN_ENUM_CONVERSION = YES;
				CLANG_WARN_INFINITE_RECURSION = YES;
				CLANG_WARN_INT_CONVERSION = YES;
				CLANG_WARN_NON_LITERAL_NULL_CONVERSION = YES;
				CLANG_WARN_OBJC_IMPLICIT_RETAIN_SELF = YES;
				CLANG_WARN_OBJC_LITERAL_CONVERSION = YES;
				CLANG_WARN_OBJC_ROOT_CLASS = YES_ERROR;
				CLANG_WARN_QUOTED_INCLUDE_IN_FRAMEWORK_HEADER = YES;
				CLANG_WARN_RANGE_LOOP_ANALYSIS = YES;
				CLANG_WARN_STRICT_PROTOTYPES = YES;
				CLANG_WARN_SUSPICIOUS_MOVE = YES;
				CLANG_WARN_UNGUARDED_AVAILABILITY = YES_AGGRESSIVE;
				CLANG_WARN_UNREACHABLE_CODE = YES;
				CLANG_WARN__DUPLICATE_METHOD_MATCH = YES;
				COPY_PHASE_STRIP = NO;
				DEBUG_INFORMATION_FORMAT = dwarf;
				ENABLE_STRICT_OBJC_MSGSEND = YES;
				ENABLE_TESTABILITY = YES;
				GCC_C_LANGUAGE_STANDARD = gnu11;
				GCC_DYNAMIC_NO_PIC = NO;
				GCC_NO_COMMON_BLOCKS = YES;
				GCC_OPTIMIZATION_LEVEL = 0;
				GCC_PREPROCESSOR_DEFINITIONS = (
					"DEBUG=1",
					"$(inherited)",
				);
				GCC_WARN_64_TO_32_BIT_CONVERSION = YES;
				GCC_WARN_ABOUT_RETURN_TYPE = YES_ERROR;
				GCC_WARN_UNDECLARED_SELECTOR = YES;
				GCC_WARN_UNINITIALIZED_AUTOS = YES_AGGRESSIVE;
				GCC_WARN_UNUSED_FUNCTION = YES;
				GCC_WARN_UNUSED_VARIABLE = YES;
				IPHONEOS_DEPLOYMENT_TARGET = 15.4;
				MTL_ENABLE_DEBUG_INFO = INCLUDE_SOURCE;
				MTL_FAST_MATH = YES;
				ONLY_ACTIVE_ARCH = YES;
				SDKROOT = iphoneos;
				SWIFT_ACTIVE_COMPILATION_CONDITIONS = DEBUG;
				SWIFT_OPTIMIZATION_LEVEL = "-Onone";
			};
			name = Debug;
		};
		661CC84F28C46C8D008DC13E /* Release */ = {
			isa = XCBuildConfiguration;
			buildSettings = {
				ALWAYS_SEARCH_USER_PATHS = NO;
				CLANG_ANALYZER_NONNULL = YES;
				CLANG_ANALYZER_NUMBER_OBJECT_CONVERSION = YES_AGGRESSIVE;
				CLANG_CXX_LANGUAGE_STANDARD = "gnu++17";
				CLANG_ENABLE_MODULES = YES;
				CLANG_ENABLE_OBJC_ARC = YES;
				CLANG_ENABLE_OBJC_WEAK = YES;
				CLANG_WARN_BLOCK_CAPTURE_AUTORELEASING = YES;
				CLANG_WARN_BOOL_CONVERSION = YES;
				CLANG_WARN_COMMA = YES;
				CLANG_WARN_CONSTANT_CONVERSION = YES;
				CLANG_WARN_DEPRECATED_OBJC_IMPLEMENTATIONS = YES;
				CLANG_WARN_DIRECT_OBJC_ISA_USAGE = YES_ERROR;
				CLANG_WARN_DOCUMENTATION_COMMENTS = YES;
				CLANG_WARN_EMPTY_BODY = YES;
				CLANG_WARN_ENUM_CONVERSION = YES;
				CLANG_WARN_INFINITE_RECURSION = YES;
				CLANG_WARN_INT_CONVERSION = YES;
				CLANG_WARN_NON_LITERAL_NULL_CONVERSION = YES;
				CLANG_WARN_OBJC_IMPLICIT_RETAIN_SELF = YES;
				CLANG_WARN_OBJC_LITERAL_CONVERSION = YES;
				CLANG_WARN_OBJC_ROOT_CLASS = YES_ERROR;
				CLANG_WARN_QUOTED_INCLUDE_IN_FRAMEWORK_HEADER = YES;
				CLANG_WARN_RANGE_LOOP_ANALYSIS = YES;
				CLANG_WARN_STRICT_PROTOTYPES = YES;
				CLANG_WARN_SUSPICIOUS_MOVE = YES;
				CLANG_WARN_UNGUARDED_AVAILABILITY = YES_AGGRESSIVE;
				CLANG_WARN_UNREACHABLE_CODE = YES;
				CLANG_WARN__DUPLICATE_METHOD_MATCH = YES;
				COPY_PHASE_STRIP = NO;
				DEBUG_INFORMATION_FORMAT = "dwarf-with-dsym";
				ENABLE_NS_ASSERTIONS = NO;
				ENABLE_STRICT_OBJC_MSGSEND = YES;
				GCC_C_LANGUAGE_STANDARD = gnu11;
				GCC_NO_COMMON_BLOCKS = YES;
				GCC_WARN_64_TO_32_BIT_CONVERSION = YES;
				GCC_WARN_ABOUT_RETURN_TYPE = YES_ERROR;
				GCC_WARN_UNDECLARED_SELECTOR = YES;
				GCC_WARN_UNINITIALIZED_AUTOS = YES_AGGRESSIVE;
				GCC_WARN_UNUSED_FUNCTION = YES;
				GCC_WARN_UNUSED_VARIABLE = YES;
				IPHONEOS_DEPLOYMENT_TARGET = 15.4;
				MTL_ENABLE_DEBUG_INFO = NO;
				MTL_FAST_MATH = YES;
				SDKROOT = iphoneos;
				SWIFT_COMPILATION_MODE = wholemodule;
				SWIFT_OPTIMIZATION_LEVEL = "-O";
				VALIDATE_PRODUCT = YES;
			};
			name = Release;
		};
		661CC85128C46C8D008DC13E /* Debug */ = {
			isa = XCBuildConfiguration;
			buildSettings = {
				ASSETCATALOG_COMPILER_APPICON_NAME = AppIcon;
				ASSETCATALOG_COMPILER_GLOBAL_ACCENT_COLOR_NAME = AccentColor;
				CODE_SIGN_STYLE = Automatic;
				CURRENT_PROJECT_VERSION = 1;
				DEVELOPMENT_ASSET_PATHS = "\"SmartKids/Preview Content\"";
				ENABLE_PREVIEWS = YES;
				GENERATE_INFOPLIST_FILE = YES;
				INFOPLIST_FILE = SmartKids/Info.plist;
				INFOPLIST_KEY_UIApplicationSceneManifest_Generation = YES;
				INFOPLIST_KEY_UIApplicationSupportsIndirectInputEvents = YES;
				INFOPLIST_KEY_UILaunchScreen_Generation = YES;
				INFOPLIST_KEY_UISupportedInterfaceOrientations_iPad = "UIInterfaceOrientationPortrait UIInterfaceOrientationPortraitUpsideDown UIInterfaceOrientationLandscapeLeft UIInterfaceOrientationLandscapeRight";
				INFOPLIST_KEY_UISupportedInterfaceOrientations_iPhone = "UIInterfaceOrientationPortrait UIInterfaceOrientationLandscapeLeft UIInterfaceOrientationLandscapeRight";
				LD_RUNPATH_SEARCH_PATHS = (
					"$(inherited)",
					"@executable_path/Frameworks",
				);
				MARKETING_VERSION = 1.0;
				PRODUCT_BUNDLE_IDENTIFIER = ca.smartkids.SmartKids;
				PRODUCT_NAME = "$(TARGET_NAME)";
				SWIFT_EMIT_LOC_STRINGS = YES;
				SWIFT_VERSION = 5.0;
				TARGETED_DEVICE_FAMILY = "1,2";
			};
			name = Debug;
		};
		661CC85228C46C8D008DC13E /* Release */ = {
			isa = XCBuildConfiguration;
			buildSettings = {
				ASSETCATALOG_COMPILER_APPICON_NAME = AppIcon;
				ASSETCATALOG_COMPILER_GLOBAL_ACCENT_COLOR_NAME = AccentColor;
				CODE_SIGN_STYLE = Automatic;
				CURRENT_PROJECT_VERSION = 1;
				DEVELOPMENT_ASSET_PATHS = "\"SmartKids/Preview Content\"";
				ENABLE_PREVIEWS = YES;
				GENERATE_INFOPLIST_FILE = YES;
				INFOPLIST_FILE = SmartKids/Info.plist;
				INFOPLIST_KEY_UIApplicationSceneManifest_Generation = YES;
				INFOPLIST_KEY_UIApplicationSupportsIndirectInputEvents = YES;
				INFOPLIST_KEY_UILaunchScreen_Generation = YES;
				INFOPLIST_KEY_UISupportedInterfaceOrientations_iPad = "UIInterfaceOrientationPortrait UIInterfaceOrientationPortraitUpsideDown UIInterfaceOrientationLandscapeLeft UIInterfaceOrientationLandscapeRight";
				INFOPLIST_KEY_UISupportedInterfaceOrientations_iPhone = "UIInterfaceOrientationPortrait UIInterfaceOrientationLandscapeLeft UIInterfaceOrientationLandscapeRight";
				LD_RUNPATH_SEARCH_PATHS = (
					"$(inherited)",
					"@executable_path/Frameworks",
				);
				MARKETING_VERSION = 1.0;
				PRODUCT_BUNDLE_IDENTIFIER = ca.smartkids.SmartKids;
				PRODUCT_NAME = "$(TARGET_NAME)";
				SWIFT_EMIT_LOC_STRINGS = YES;
				SWIFT_VERSION = 5.0;
				TARGETED_DEVICE_FAMILY = "1,2";
			};
			name = Release;
		};
/* End XCBuildConfiguration section */

/* Begin XCConfigurationList section */
		661CC83D28C46C8C008DC13E /* Build configuration list for PBXProject "SmartKids" */ = {
			isa = XCConfigurationList;
			buildConfigurations = (
				661CC84E28C46C8D008DC13E /* Debug */,
				661CC84F28C46C8D008DC13E /* Release */,
			);
			defaultConfigurationIsVisible = 0;
			defaultConfigurationName = Release;
		};
		661CC85028C46C8D008DC13E /* Build configuration list for PBXNativeTarget "SmartKids" */ = {
			isa = XCConfigurationList;
			buildConfigurations = (
				661CC85128C46C8D008DC13E /* Debug */,
				661CC85228C46C8D008DC13E /* Release */,
			);
			defaultConfigurationIsVisible = 0;
			defaultConfigurationName = Release;
		};
/* End XCConfigurationList section */
	};
	rootObject = 661CC83A28C46C8C008DC13E /* Project object */;
}
